// !$*UTF8*$!
{
	archiveVersion = 1;
	classes = {
	};
	objectVersion = 56;
	objects = {

/* Begin PBXBuildFile section */
		CE0972832BC1764800E2E80F /* Alamofire in Frameworks */ = {isa = PBXBuildFile; productRef = CE0972822BC1764800E2E80F /* Alamofire */; };
		CE0972862BC17AD400E2E80F /* ProfileViewController.swift in Sources */ = {isa = PBXBuildFile; fileRef = CE0972852BC17AD400E2E80F /* ProfileViewController.swift */; };
		CE0972882BC17BC000E2E80F /* ProfileAssembly.swift in Sources */ = {isa = PBXBuildFile; fileRef = CE0972872BC17BC000E2E80F /* ProfileAssembly.swift */; };
		CE09728B2BC1809300E2E80F /* TracksViewController.swift in Sources */ = {isa = PBXBuildFile; fileRef = CE09728A2BC1809300E2E80F /* TracksViewController.swift */; };
		CE09728D2BC181C700E2E80F /* TracksAssembly.swift in Sources */ = {isa = PBXBuildFile; fileRef = CE09728C2BC181C700E2E80F /* TracksAssembly.swift */; };
		CE0972912BC185C200E2E80F /* TemplateTracksViewController.swift in Sources */ = {isa = PBXBuildFile; fileRef = CE0972902BC185C200E2E80F /* TemplateTracksViewController.swift */; };
		CE0972932BC185E200E2E80F /* TemplateTracksAssembly.swift in Sources */ = {isa = PBXBuildFile; fileRef = CE0972922BC185E200E2E80F /* TemplateTracksAssembly.swift */; };
		CE0972962BC1867900E2E80F /* TemplateTracksTableViewCell.swift in Sources */ = {isa = PBXBuildFile; fileRef = CE0972952BC1867900E2E80F /* TemplateTracksTableViewCell.swift */; };
		CE0972992BC19E7C00E2E80F /* NetworkManager.swift in Sources */ = {isa = PBXBuildFile; fileRef = CE0972982BC19E7C00E2E80F /* NetworkManager.swift */; };
		CE09729B2BC1B20400E2E80F /* CuctomPin.swift in Sources */ = {isa = PBXBuildFile; fileRef = CE09729A2BC1B20400E2E80F /* CuctomPin.swift */; };
		CE09729D2BC1C0FA00E2E80F /* PhotoView.swift in Sources */ = {isa = PBXBuildFile; fileRef = CE09729C2BC1C0FA00E2E80F /* PhotoView.swift */; };
		CE09729F2BC1C45200E2E80F /* ProfileDataView.swift in Sources */ = {isa = PBXBuildFile; fileRef = CE09729E2BC1C45200E2E80F /* ProfileDataView.swift */; };
		CE0972A12BC1C5E700E2E80F /* PersonalDataView.swift in Sources */ = {isa = PBXBuildFile; fileRef = CE0972A02BC1C5E700E2E80F /* PersonalDataView.swift */; };
		CE2130032BC117AE00E09308 /* AppDelegate.swift in Sources */ = {isa = PBXBuildFile; fileRef = CE2130022BC117AE00E09308 /* AppDelegate.swift */; };
		CE2130052BC117AE00E09308 /* SceneDelegate.swift in Sources */ = {isa = PBXBuildFile; fileRef = CE2130042BC117AE00E09308 /* SceneDelegate.swift */; };
		CE21300C2BC117AF00E09308 /* Assets.xcassets in Resources */ = {isa = PBXBuildFile; fileRef = CE21300B2BC117AF00E09308 /* Assets.xcassets */; };
		CE21300F2BC117AF00E09308 /* LaunchScreen.storyboard in Resources */ = {isa = PBXBuildFile; fileRef = CE21300D2BC117AF00E09308 /* LaunchScreen.storyboard */; };
		CE21301C2BC1187400E09308 /* BaseCoordinator.swift in Sources */ = {isa = PBXBuildFile; fileRef = CE21301A2BC1187400E09308 /* BaseCoordinator.swift */; };
		CE21301D2BC1187400E09308 /* Coordinator.swift in Sources */ = {isa = PBXBuildFile; fileRef = CE21301B2BC1187400E09308 /* Coordinator.swift */; };
		CE2130202BC1187E00E09308 /* TabBarController.swift in Sources */ = {isa = PBXBuildFile; fileRef = CE21301F2BC1187D00E09308 /* TabBarController.swift */; };
		CE2130312BC1190200E09308 /* Wormholy in Frameworks */ = {isa = PBXBuildFile; productRef = CE2130302BC1190200E09308 /* Wormholy */; };
		CE2130392BC1191C00E09308 /* SDWebImage in Frameworks */ = {isa = PBXBuildFile; productRef = CE2130382BC1191C00E09308 /* SDWebImage */; };
		CE21303B2BC1191C00E09308 /* SDWebImageMapKit in Frameworks */ = {isa = PBXBuildFile; productRef = CE21303A2BC1191C00E09308 /* SDWebImageMapKit */; };
		CE21303F2BC11A0E00E09308 /* MainScreenViewController.swift in Sources */ = {isa = PBXBuildFile; fileRef = CE21303E2BC11A0E00E09308 /* MainScreenViewController.swift */; };
		CE2130412BC11A2D00E09308 /* MainScreenViewModel.swift in Sources */ = {isa = PBXBuildFile; fileRef = CE2130402BC11A2D00E09308 /* MainScreenViewModel.swift */; };
		CE2130432BC11A5000E09308 /* MainScreenAssembly.swift in Sources */ = {isa = PBXBuildFile; fileRef = CE2130422BC11A5000E09308 /* MainScreenAssembly.swift */; };
		CE2130502BC1222200E09308 /* AuthController.swift in Sources */ = {isa = PBXBuildFile; fileRef = CE21304F2BC1222200E09308 /* AuthController.swift */; };
		CE2130522BC1225000E09308 /* AuthViewModel.swift in Sources */ = {isa = PBXBuildFile; fileRef = CE2130512BC1225000E09308 /* AuthViewModel.swift */; };
		CE2130542BC1226800E09308 /* AuthAssembly.swift in Sources */ = {isa = PBXBuildFile; fileRef = CE2130532BC1226800E09308 /* AuthAssembly.swift */; };
		CE2130572BC1300700E09308 /* MainScreenItemView.swift in Sources */ = {isa = PBXBuildFile; fileRef = CE2130562BC1300700E09308 /* MainScreenItemView.swift */; };
		CE21305A2BC1435C00E09308 /* MapViewController.swift in Sources */ = {isa = PBXBuildFile; fileRef = CE2130592BC1435C00E09308 /* MapViewController.swift */; };
		CE21305C2BC1439B00E09308 /* MapViewControllerViewModel.swift in Sources */ = {isa = PBXBuildFile; fileRef = CE21305B2BC1439B00E09308 /* MapViewControllerViewModel.swift */; };
		CE21305E2BC143B600E09308 /* MapViewControllerAssembly.swift in Sources */ = {isa = PBXBuildFile; fileRef = CE21305D2BC143B600E09308 /* MapViewControllerAssembly.swift */; };
		CE83307B2BC1DADF00F10D6A /* HobbyView.swift in Sources */ = {isa = PBXBuildFile; fileRef = CE83307A2BC1DADF00F10D6A /* HobbyView.swift */; };
/* End PBXBuildFile section */

/* Begin PBXFileReference section */
		CE0972852BC17AD400E2E80F /* ProfileViewController.swift */ = {isa = PBXFileReference; lastKnownFileType = sourcecode.swift; path = ProfileViewController.swift; sourceTree = "<group>"; };
		CE0972872BC17BC000E2E80F /* ProfileAssembly.swift */ = {isa = PBXFileReference; lastKnownFileType = sourcecode.swift; path = ProfileAssembly.swift; sourceTree = "<group>"; };
		CE09728A2BC1809300E2E80F /* TracksViewController.swift */ = {isa = PBXFileReference; lastKnownFileType = sourcecode.swift; path = TracksViewController.swift; sourceTree = "<group>"; };
		CE09728C2BC181C700E2E80F /* TracksAssembly.swift */ = {isa = PBXFileReference; lastKnownFileType = sourcecode.swift; path = TracksAssembly.swift; sourceTree = "<group>"; };
		CE0972902BC185C200E2E80F /* TemplateTracksViewController.swift */ = {isa = PBXFileReference; lastKnownFileType = sourcecode.swift; path = TemplateTracksViewController.swift; sourceTree = "<group>"; };
		CE0972922BC185E200E2E80F /* TemplateTracksAssembly.swift */ = {isa = PBXFileReference; lastKnownFileType = sourcecode.swift; path = TemplateTracksAssembly.swift; sourceTree = "<group>"; };
		CE0972952BC1867900E2E80F /* TemplateTracksTableViewCell.swift */ = {isa = PBXFileReference; lastKnownFileType = sourcecode.swift; path = TemplateTracksTableViewCell.swift; sourceTree = "<group>"; };
		CE0972982BC19E7C00E2E80F /* NetworkManager.swift */ = {isa = PBXFileReference; lastKnownFileType = sourcecode.swift; path = NetworkManager.swift; sourceTree = "<group>"; };
		CE09729A2BC1B20400E2E80F /* CuctomPin.swift */ = {isa = PBXFileReference; lastKnownFileType = sourcecode.swift; path = CuctomPin.swift; sourceTree = "<group>"; };
		CE09729C2BC1C0FA00E2E80F /* PhotoView.swift */ = {isa = PBXFileReference; lastKnownFileType = sourcecode.swift; path = PhotoView.swift; sourceTree = "<group>"; };
		CE09729E2BC1C45200E2E80F /* ProfileDataView.swift */ = {isa = PBXFileReference; lastKnownFileType = sourcecode.swift; path = ProfileDataView.swift; sourceTree = "<group>"; };
		CE0972A02BC1C5E700E2E80F /* PersonalDataView.swift */ = {isa = PBXFileReference; lastKnownFileType = sourcecode.swift; path = PersonalDataView.swift; sourceTree = "<group>"; };
		CE212FFF2BC117AE00E09308 /* tourist.app */ = {isa = PBXFileReference; explicitFileType = wrapper.application; includeInIndex = 0; path = tourist.app; sourceTree = BUILT_PRODUCTS_DIR; };
		CE2130022BC117AE00E09308 /* AppDelegate.swift */ = {isa = PBXFileReference; lastKnownFileType = sourcecode.swift; path = AppDelegate.swift; sourceTree = "<group>"; };
		CE2130042BC117AE00E09308 /* SceneDelegate.swift */ = {isa = PBXFileReference; lastKnownFileType = sourcecode.swift; path = SceneDelegate.swift; sourceTree = "<group>"; };
		CE21300B2BC117AF00E09308 /* Assets.xcassets */ = {isa = PBXFileReference; lastKnownFileType = folder.assetcatalog; path = Assets.xcassets; sourceTree = "<group>"; };
		CE21300E2BC117AF00E09308 /* Base */ = {isa = PBXFileReference; lastKnownFileType = file.storyboard; name = Base; path = Base.lproj/LaunchScreen.storyboard; sourceTree = "<group>"; };
		CE2130102BC117AF00E09308 /* Info.plist */ = {isa = PBXFileReference; lastKnownFileType = text.plist.xml; path = Info.plist; sourceTree = "<group>"; };
		CE21301A2BC1187400E09308 /* BaseCoordinator.swift */ = {isa = PBXFileReference; fileEncoding = 4; lastKnownFileType = sourcecode.swift; path = BaseCoordinator.swift; sourceTree = "<group>"; };
		CE21301B2BC1187400E09308 /* Coordinator.swift */ = {isa = PBXFileReference; fileEncoding = 4; lastKnownFileType = sourcecode.swift; path = Coordinator.swift; sourceTree = "<group>"; };
		CE21301F2BC1187D00E09308 /* TabBarController.swift */ = {isa = PBXFileReference; fileEncoding = 4; lastKnownFileType = sourcecode.swift; path = TabBarController.swift; sourceTree = "<group>"; };
		CE21303E2BC11A0E00E09308 /* MainScreenViewController.swift */ = {isa = PBXFileReference; lastKnownFileType = sourcecode.swift; path = MainScreenViewController.swift; sourceTree = "<group>"; };
		CE2130402BC11A2D00E09308 /* MainScreenViewModel.swift */ = {isa = PBXFileReference; lastKnownFileType = sourcecode.swift; path = MainScreenViewModel.swift; sourceTree = "<group>"; };
		CE2130422BC11A5000E09308 /* MainScreenAssembly.swift */ = {isa = PBXFileReference; lastKnownFileType = sourcecode.swift; path = MainScreenAssembly.swift; sourceTree = "<group>"; };
		CE21304F2BC1222200E09308 /* AuthController.swift */ = {isa = PBXFileReference; lastKnownFileType = sourcecode.swift; path = AuthController.swift; sourceTree = "<group>"; };
		CE2130512BC1225000E09308 /* AuthViewModel.swift */ = {isa = PBXFileReference; lastKnownFileType = sourcecode.swift; path = AuthViewModel.swift; sourceTree = "<group>"; };
		CE2130532BC1226800E09308 /* AuthAssembly.swift */ = {isa = PBXFileReference; lastKnownFileType = sourcecode.swift; path = AuthAssembly.swift; sourceTree = "<group>"; };
		CE2130562BC1300700E09308 /* MainScreenItemView.swift */ = {isa = PBXFileReference; lastKnownFileType = sourcecode.swift; path = MainScreenItemView.swift; sourceTree = "<group>"; };
		CE2130592BC1435C00E09308 /* MapViewController.swift */ = {isa = PBXFileReference; lastKnownFileType = sourcecode.swift; path = MapViewController.swift; sourceTree = "<group>"; };
		CE21305B2BC1439B00E09308 /* MapViewControllerViewModel.swift */ = {isa = PBXFileReference; lastKnownFileType = sourcecode.swift; path = MapViewControllerViewModel.swift; sourceTree = "<group>"; };
		CE21305D2BC143B600E09308 /* MapViewControllerAssembly.swift */ = {isa = PBXFileReference; lastKnownFileType = sourcecode.swift; path = MapViewControllerAssembly.swift; sourceTree = "<group>"; };
		CE83307A2BC1DADF00F10D6A /* HobbyView.swift */ = {isa = PBXFileReference; lastKnownFileType = sourcecode.swift; path = HobbyView.swift; sourceTree = "<group>"; };
/* End PBXFileReference section */

/* Begin PBXFrameworksBuildPhase section */
		CE212FFC2BC117AE00E09308 /* Frameworks */ = {
			isa = PBXFrameworksBuildPhase;
			buildActionMask = 2147483647;
			files = (
				CE2130312BC1190200E09308 /* Wormholy in Frameworks */,
				CE0972832BC1764800E2E80F /* Alamofire in Frameworks */,
				CE21303B2BC1191C00E09308 /* SDWebImageMapKit in Frameworks */,
				CE2130392BC1191C00E09308 /* SDWebImage in Frameworks */,
			);
			runOnlyForDeploymentPostprocessing = 0;
		};
/* End PBXFrameworksBuildPhase section */

/* Begin PBXGroup section */
		CE0972842BC17AC400E2E80F /* Profile */ = {
			isa = PBXGroup;
			children = (
				CE0972852BC17AD400E2E80F /* ProfileViewController.swift */,
				CE0972872BC17BC000E2E80F /* ProfileAssembly.swift */,
				CE09729C2BC1C0FA00E2E80F /* PhotoView.swift */,
				CE09729E2BC1C45200E2E80F /* ProfileDataView.swift */,
				CE0972A02BC1C5E700E2E80F /* PersonalDataView.swift */,
				CE83307A2BC1DADF00F10D6A /* HobbyView.swift */,
			);
			path = Profile;
			sourceTree = "<group>";
		};
		CE0972892BC1808000E2E80F /* Tracks */ = {
			isa = PBXGroup;
			children = (
				CE09728E2BC1832500E2E80F /* Cells */,
				CE09728A2BC1809300E2E80F /* TracksViewController.swift */,
				CE09728C2BC181C700E2E80F /* TracksAssembly.swift */,
			);
			path = Tracks;
			sourceTree = "<group>";
		};
		CE09728E2BC1832500E2E80F /* Cells */ = {
			isa = PBXGroup;
			children = (
			);
			path = Cells;
			sourceTree = "<group>";
		};
		CE09728F2BC1859D00E2E80F /* TemplatesTracks */ = {
			isa = PBXGroup;
			children = (
				CE0972942BC1865F00E2E80F /* Cells */,
				CE0972902BC185C200E2E80F /* TemplateTracksViewController.swift */,
				CE0972922BC185E200E2E80F /* TemplateTracksAssembly.swift */,
			);
			path = TemplatesTracks;
			sourceTree = "<group>";
		};
		CE0972942BC1865F00E2E80F /* Cells */ = {
			isa = PBXGroup;
			children = (
				CE0972952BC1867900E2E80F /* TemplateTracksTableViewCell.swift */,
			);
			path = Cells;
			sourceTree = "<group>";
		};
		CE0972972BC19E6B00E2E80F /* Managers */ = {
			isa = PBXGroup;
			children = (
				CE0972982BC19E7C00E2E80F /* NetworkManager.swift */,
			);
			path = Managers;
			sourceTree = "<group>";
		};
		CE212FF62BC117AE00E09308 = {
			isa = PBXGroup;
			children = (
				CE2130012BC117AE00E09308 /* tourist */,
				CE2130002BC117AE00E09308 /* Products */,
			);
			sourceTree = "<group>";
		};
		CE2130002BC117AE00E09308 /* Products */ = {
			isa = PBXGroup;
			children = (
				CE212FFF2BC117AE00E09308 /* tourist.app */,
			);
			name = Products;
			sourceTree = "<group>";
		};
		CE2130012BC117AE00E09308 /* tourist */ = {
			isa = PBXGroup;
			children = (
				CE0972972BC19E6B00E2E80F /* Managers */,
				CE2130162BC117C000E09308 /* Application */,
				CE2130192BC1187400E09308 /* Base */,
				CE21303C2BC119AA00E09308 /* Scenes */,
				CE21301E2BC1187D00E09308 /* TabBar */,
				CE2130172BC117DB00E09308 /* SupportingFiles */,
				CE21300B2BC117AF00E09308 /* Assets.xcassets */,
			);
			path = tourist;
			sourceTree = "<group>";
		};
		CE2130162BC117C000E09308 /* Application */ = {
			isa = PBXGroup;
			children = (
				CE2130022BC117AE00E09308 /* AppDelegate.swift */,
				CE2130042BC117AE00E09308 /* SceneDelegate.swift */,
			);
			path = Application;
			sourceTree = "<group>";
		};
		CE2130172BC117DB00E09308 /* SupportingFiles */ = {
			isa = PBXGroup;
			children = (
				CE21300D2BC117AF00E09308 /* LaunchScreen.storyboard */,
				CE2130102BC117AF00E09308 /* Info.plist */,
			);
			path = SupportingFiles;
			sourceTree = "<group>";
		};
		CE2130192BC1187400E09308 /* Base */ = {
			isa = PBXGroup;
			children = (
				CE21301A2BC1187400E09308 /* BaseCoordinator.swift */,
				CE21301B2BC1187400E09308 /* Coordinator.swift */,
			);
			path = Base;
			sourceTree = "<group>";
		};
		CE21301E2BC1187D00E09308 /* TabBar */ = {
			isa = PBXGroup;
			children = (
				CE21301F2BC1187D00E09308 /* TabBarController.swift */,
			);
			path = TabBar;
			sourceTree = "<group>";
		};
		CE21303C2BC119AA00E09308 /* Scenes */ = {
			isa = PBXGroup;
			children = (
				CE09728F2BC1859D00E2E80F /* TemplatesTracks */,
				CE0972892BC1808000E2E80F /* Tracks */,
				CE0972842BC17AC400E2E80F /* Profile */,
				CE21304E2BC11F1A00E09308 /* Auth */,
				CE21303D2BC119C200E09308 /* MainScreen */,
				CE2130582BC1434700E09308 /* MapScreen */,
			);
			path = Scenes;
			sourceTree = "<group>";
		};
		CE21303D2BC119C200E09308 /* MainScreen */ = {
			isa = PBXGroup;
			children = (
				CE2130402BC11A2D00E09308 /* MainScreenViewModel.swift */,
				CE21303E2BC11A0E00E09308 /* MainScreenViewController.swift */,
				CE2130422BC11A5000E09308 /* MainScreenAssembly.swift */,
				CE2130562BC1300700E09308 /* MainScreenItemView.swift */,
			);
			path = MainScreen;
			sourceTree = "<group>";
		};
		CE21304E2BC11F1A00E09308 /* Auth */ = {
			isa = PBXGroup;
			children = (
				CE2130532BC1226800E09308 /* AuthAssembly.swift */,
				CE2130512BC1225000E09308 /* AuthViewModel.swift */,
				CE21304F2BC1222200E09308 /* AuthController.swift */,
			);
			path = Auth;
			sourceTree = "<group>";
		};
		CE2130582BC1434700E09308 /* MapScreen */ = {
			isa = PBXGroup;
			children = (
				CE2130592BC1435C00E09308 /* MapViewController.swift */,
				CE21305B2BC1439B00E09308 /* MapViewControllerViewModel.swift */,
				CE21305D2BC143B600E09308 /* MapViewControllerAssembly.swift */,
				CE09729A2BC1B20400E2E80F /* CuctomPin.swift */,
			);
			path = MapScreen;
			sourceTree = "<group>";
		};
/* End PBXGroup section */

/* Begin PBXNativeTarget section */
		CE212FFE2BC117AE00E09308 /* tourist */ = {
			isa = PBXNativeTarget;
			buildConfigurationList = CE2130132BC117AF00E09308 /* Build configuration list for PBXNativeTarget "tourist" */;
			buildPhases = (
				CE212FFB2BC117AE00E09308 /* Sources */,
				CE212FFC2BC117AE00E09308 /* Frameworks */,
				CE212FFD2BC117AE00E09308 /* Resources */,
			);
			buildRules = (
			);
			dependencies = (
			);
			name = tourist;
			packageProductDependencies = (
				CE2130302BC1190200E09308 /* Wormholy */,
				CE2130382BC1191C00E09308 /* SDWebImage */,
				CE21303A2BC1191C00E09308 /* SDWebImageMapKit */,
				CE0972822BC1764800E2E80F /* Alamofire */,
			);
			productName = tourist;
			productReference = CE212FFF2BC117AE00E09308 /* tourist.app */;
			productType = "com.apple.product-type.application";
		};
/* End PBXNativeTarget section */

/* Begin PBXProject section */
		CE212FF72BC117AE00E09308 /* Project object */ = {
			isa = PBXProject;
			attributes = {
				BuildIndependentTargetsInParallel = 1;
				LastSwiftUpdateCheck = 1510;
				LastUpgradeCheck = 1510;
				TargetAttributes = {
					CE212FFE2BC117AE00E09308 = {
						CreatedOnToolsVersion = 15.1;
					};
				};
			};
			buildConfigurationList = CE212FFA2BC117AE00E09308 /* Build configuration list for PBXProject "tourist" */;
			compatibilityVersion = "Xcode 14.0";
			developmentRegion = en;
			hasScannedForEncodings = 0;
			knownRegions = (
				en,
				Base,
			);
			mainGroup = CE212FF62BC117AE00E09308;
			packageReferences = (
				CE21302F2BC1190200E09308 /* XCRemoteSwiftPackageReference "Wormholy" */,
				CE2130372BC1191C00E09308 /* XCRemoteSwiftPackageReference "SDWebImage" */,
				CE0972812BC1764800E2E80F /* XCRemoteSwiftPackageReference "Alamofire" */,
			);
			productRefGroup = CE2130002BC117AE00E09308 /* Products */;
			projectDirPath = "";
			projectRoot = "";
			targets = (
				CE212FFE2BC117AE00E09308 /* tourist */,
			);
		};
/* End PBXProject section */

/* Begin PBXResourcesBuildPhase section */
		CE212FFD2BC117AE00E09308 /* Resources */ = {
			isa = PBXResourcesBuildPhase;
			buildActionMask = 2147483647;
			files = (
				CE21300F2BC117AF00E09308 /* LaunchScreen.storyboard in Resources */,
				CE21300C2BC117AF00E09308 /* Assets.xcassets in Resources */,
			);
			runOnlyForDeploymentPostprocessing = 0;
		};
/* End PBXResourcesBuildPhase section */

/* Begin PBXSourcesBuildPhase section */
		CE212FFB2BC117AE00E09308 /* Sources */ = {
			isa = PBXSourcesBuildPhase;
			buildActionMask = 2147483647;
			files = (
				CE0972992BC19E7C00E2E80F /* NetworkManager.swift in Sources */,
				CE2130522BC1225000E09308 /* AuthViewModel.swift in Sources */,
				CE0972882BC17BC000E2E80F /* ProfileAssembly.swift in Sources */,
				CE2130542BC1226800E09308 /* AuthAssembly.swift in Sources */,
				CE09729B2BC1B20400E2E80F /* CuctomPin.swift in Sources */,
				CE83307B2BC1DADF00F10D6A /* HobbyView.swift in Sources */,
				CE2130572BC1300700E09308 /* MainScreenItemView.swift in Sources */,
				CE0972912BC185C200E2E80F /* TemplateTracksViewController.swift in Sources */,
				CE0972962BC1867900E2E80F /* TemplateTracksTableViewCell.swift in Sources */,
				CE09729D2BC1C0FA00E2E80F /* PhotoView.swift in Sources */,
				CE2130432BC11A5000E09308 /* MainScreenAssembly.swift in Sources */,
				CE21301D2BC1187400E09308 /* Coordinator.swift in Sources */,
				CE0972A12BC1C5E700E2E80F /* PersonalDataView.swift in Sources */,
				CE2130412BC11A2D00E09308 /* MainScreenViewModel.swift in Sources */,
				CE0972862BC17AD400E2E80F /* ProfileViewController.swift in Sources */,
				CE21305C2BC1439B00E09308 /* MapViewControllerViewModel.swift in Sources */,
				CE21305A2BC1435C00E09308 /* MapViewController.swift in Sources */,
				CE2130032BC117AE00E09308 /* AppDelegate.swift in Sources */,
				CE2130502BC1222200E09308 /* AuthController.swift in Sources */,
				CE09728D2BC181C700E2E80F /* TracksAssembly.swift in Sources */,
				CE09729F2BC1C45200E2E80F /* ProfileDataView.swift in Sources */,
				CE0972932BC185E200E2E80F /* TemplateTracksAssembly.swift in Sources */,
				CE09728B2BC1809300E2E80F /* TracksViewController.swift in Sources */,
				CE21301C2BC1187400E09308 /* BaseCoordinator.swift in Sources */,
				CE21305E2BC143B600E09308 /* MapViewControllerAssembly.swift in Sources */,
				CE2130202BC1187E00E09308 /* TabBarController.swift in Sources */,
				CE2130052BC117AE00E09308 /* SceneDelegate.swift in Sources */,
				CE21303F2BC11A0E00E09308 /* MainScreenViewController.swift in Sources */,
			);
			runOnlyForDeploymentPostprocessing = 0;
		};
/* End PBXSourcesBuildPhase section */

/* Begin PBXVariantGroup section */
		CE21300D2BC117AF00E09308 /* LaunchScreen.storyboard */ = {
			isa = PBXVariantGroup;
			children = (
				CE21300E2BC117AF00E09308 /* Base */,
			);
			name = LaunchScreen.storyboard;
			sourceTree = "<group>";
		};
/* End PBXVariantGroup section */

/* Begin XCBuildConfiguration section */
		CE2130112BC117AF00E09308 /* Debug */ = {
			isa = XCBuildConfiguration;
			buildSettings = {
				ALWAYS_SEARCH_USER_PATHS = NO;
				ASSETCATALOG_COMPILER_GENERATE_SWIFT_ASSET_SYMBOL_EXTENSIONS = YES;
				CLANG_ANALYZER_NONNULL = YES;
				CLANG_ANALYZER_NUMBER_OBJECT_CONVERSION = YES_AGGRESSIVE;
				CLANG_CXX_LANGUAGE_STANDARD = "gnu++20";
				CLANG_ENABLE_MODULES = YES;
				CLANG_ENABLE_OBJC_ARC = YES;
				CLANG_ENABLE_OBJC_WEAK = YES;
				CLANG_WARN_BLOCK_CAPTURE_AUTORELEASING = YES;
				CLANG_WARN_BOOL_CONVERSION = YES;
				CLANG_WARN_COMMA = YES;
				CLANG_WARN_CONSTANT_CONVERSION = YES;
				CLANG_WARN_DEPRECATED_OBJC_IMPLEMENTATIONS = YES;
				CLANG_WARN_DIRECT_OBJC_ISA_USAGE = YES_ERROR;
				CLANG_WARN_DOCUMENTATION_COMMENTS = YES;
				CLANG_WARN_EMPTY_BODY = YES;
				CLANG_WARN_ENUM_CONVERSION = YES;
				CLANG_WARN_INFINITE_RECURSION = YES;
				CLANG_WARN_INT_CONVERSION = YES;
				CLANG_WARN_NON_LITERAL_NULL_CONVERSION = YES;
				CLANG_WARN_OBJC_IMPLICIT_RETAIN_SELF = YES;
				CLANG_WARN_OBJC_LITERAL_CONVERSION = YES;
				CLANG_WARN_OBJC_ROOT_CLASS = YES_ERROR;
				CLANG_WARN_QUOTED_INCLUDE_IN_FRAMEWORK_HEADER = YES;
				CLANG_WARN_RANGE_LOOP_ANALYSIS = YES;
				CLANG_WARN_STRICT_PROTOTYPES = YES;
				CLANG_WARN_SUSPICIOUS_MOVE = YES;
				CLANG_WARN_UNGUARDED_AVAILABILITY = YES_AGGRESSIVE;
				CLANG_WARN_UNREACHABLE_CODE = YES;
				CLANG_WARN__DUPLICATE_METHOD_MATCH = YES;
				COPY_PHASE_STRIP = NO;
				DEBUG_INFORMATION_FORMAT = dwarf;
				ENABLE_STRICT_OBJC_MSGSEND = YES;
				ENABLE_TESTABILITY = YES;
				ENABLE_USER_SCRIPT_SANDBOXING = YES;
				EXCLUDED_ARCHS = "";
				GCC_C_LANGUAGE_STANDARD = gnu17;
				GCC_DYNAMIC_NO_PIC = NO;
				GCC_NO_COMMON_BLOCKS = YES;
				GCC_OPTIMIZATION_LEVEL = 0;
				GCC_PREPROCESSOR_DEFINITIONS = (
					"DEBUG=1",
					"$(inherited)",
				);
				GCC_WARN_64_TO_32_BIT_CONVERSION = YES;
				GCC_WARN_ABOUT_RETURN_TYPE = YES_ERROR;
				GCC_WARN_UNDECLARED_SELECTOR = YES;
				GCC_WARN_UNINITIALIZED_AUTOS = YES_AGGRESSIVE;
				GCC_WARN_UNUSED_FUNCTION = YES;
				GCC_WARN_UNUSED_VARIABLE = YES;
				IPHONEOS_DEPLOYMENT_TARGET = 17.2;
				LOCALIZATION_PREFERS_STRING_CATALOGS = YES;
				MTL_ENABLE_DEBUG_INFO = INCLUDE_SOURCE;
				MTL_FAST_MATH = YES;
				ONLY_ACTIVE_ARCH = YES;
				SDKROOT = iphoneos;
				SWIFT_ACTIVE_COMPILATION_CONDITIONS = "DEBUG $(inherited)";
				SWIFT_OPTIMIZATION_LEVEL = "-Onone";
			};
			name = Debug;
		};
		CE2130122BC117AF00E09308 /* Release */ = {
			isa = XCBuildConfiguration;
			buildSettings = {
				ALWAYS_SEARCH_USER_PATHS = NO;
				ASSETCATALOG_COMPILER_GENERATE_SWIFT_ASSET_SYMBOL_EXTENSIONS = YES;
				CLANG_ANALYZER_NONNULL = YES;
				CLANG_ANALYZER_NUMBER_OBJECT_CONVERSION = YES_AGGRESSIVE;
				CLANG_CXX_LANGUAGE_STANDARD = "gnu++20";
				CLANG_ENABLE_MODULES = YES;
				CLANG_ENABLE_OBJC_ARC = YES;
				CLANG_ENABLE_OBJC_WEAK = YES;
				CLANG_WARN_BLOCK_CAPTURE_AUTORELEASING = YES;
				CLANG_WARN_BOOL_CONVERSION = YES;
				CLANG_WARN_COMMA = YES;
				CLANG_WARN_CONSTANT_CONVERSION = YES;
				CLANG_WARN_DEPRECATED_OBJC_IMPLEMENTATIONS = YES;
				CLANG_WARN_DIRECT_OBJC_ISA_USAGE = YES_ERROR;
				CLANG_WARN_DOCUMENTATION_COMMENTS = YES;
				CLANG_WARN_EMPTY_BODY = YES;
				CLANG_WARN_ENUM_CONVERSION = YES;
				CLANG_WARN_INFINITE_RECURSION = YES;
				CLANG_WARN_INT_CONVERSION = YES;
				CLANG_WARN_NON_LITERAL_NULL_CONVERSION = YES;
				CLANG_WARN_OBJC_IMPLICIT_RETAIN_SELF = YES;
				CLANG_WARN_OBJC_LITERAL_CONVERSION = YES;
				CLANG_WARN_OBJC_ROOT_CLASS = YES_ERROR;
				CLANG_WARN_QUOTED_INCLUDE_IN_FRAMEWORK_HEADER = YES;
				CLANG_WARN_RANGE_LOOP_ANALYSIS = YES;
				CLANG_WARN_STRICT_PROTOTYPES = YES;
				CLANG_WARN_SUSPICIOUS_MOVE = YES;
				CLANG_WARN_UNGUARDED_AVAILABILITY = YES_AGGRESSIVE;
				CLANG_WARN_UNREACHABLE_CODE = YES;
				CLANG_WARN__DUPLICATE_METHOD_MATCH = YES;
				COPY_PHASE_STRIP = NO;
				DEBUG_INFORMATION_FORMAT = "dwarf-with-dsym";
				ENABLE_NS_ASSERTIONS = NO;
				ENABLE_STRICT_OBJC_MSGSEND = YES;
				ENABLE_USER_SCRIPT_SANDBOXING = YES;
				EXCLUDED_ARCHS = "";
				GCC_C_LANGUAGE_STANDARD = gnu17;
				GCC_NO_COMMON_BLOCKS = YES;
				GCC_WARN_64_TO_32_BIT_CONVERSION = YES;
				GCC_WARN_ABOUT_RETURN_TYPE = YES_ERROR;
				GCC_WARN_UNDECLARED_SELECTOR = YES;
				GCC_WARN_UNINITIALIZED_AUTOS = YES_AGGRESSIVE;
				GCC_WARN_UNUSED_FUNCTION = YES;
				GCC_WARN_UNUSED_VARIABLE = YES;
				IPHONEOS_DEPLOYMENT_TARGET = 17.2;
				LOCALIZATION_PREFERS_STRING_CATALOGS = YES;
				MTL_ENABLE_DEBUG_INFO = NO;
				MTL_FAST_MATH = YES;
				ONLY_ACTIVE_ARCH = YES;
				SDKROOT = iphoneos;
				SWIFT_COMPILATION_MODE = wholemodule;
				VALIDATE_PRODUCT = YES;
			};
			name = Release;
		};
		CE2130142BC117AF00E09308 /* Debug */ = {
			isa = XCBuildConfiguration;
			buildSettings = {
				ASSETCATALOG_COMPILER_APPICON_NAME = AppIcon;
				ASSETCATALOG_COMPILER_GLOBAL_ACCENT_COLOR_NAME = AccentColor;
				CODE_SIGN_STYLE = Automatic;
				CURRENT_PROJECT_VERSION = 1;
				DEVELOPMENT_TEAM = 5JKHA34QG7;
				GENERATE_INFOPLIST_FILE = YES;
				INFOPLIST_FILE = tourist/SupportingFiles/Info.plist;
				INFOPLIST_KEY_NSLocationWhenInUseUsageDescription = "";
				INFOPLIST_KEY_UIApplicationSupportsIndirectInputEvents = YES;
				INFOPLIST_KEY_UILaunchStoryboardName = LaunchScreen;
				INFOPLIST_KEY_UIMainStoryboardFile = "";
				INFOPLIST_KEY_UISupportedInterfaceOrientations = UIInterfaceOrientationPortrait;
				INFOPLIST_KEY_UIUserInterfaceStyle = Light;
				LD_RUNPATH_SEARCH_PATHS = (
					"$(inherited)",
					"@executable_path/Frameworks",
				);
				MARKETING_VERSION = 1.0;
				PRODUCT_BUNDLE_IDENTIFIER = test.tourist;
				PRODUCT_NAME = "$(TARGET_NAME)";
				SWIFT_EMIT_LOC_STRINGS = YES;
				SWIFT_VERSION = 5.0;
				TARGETED_DEVICE_FAMILY = "1,2";
			};
			name = Debug;
		};
		CE2130152BC117AF00E09308 /* Release */ = {
			isa = XCBuildConfiguration;
			buildSettings = {
				ASSETCATALOG_COMPILER_APPICON_NAME = AppIcon;
				ASSETCATALOG_COMPILER_GLOBAL_ACCENT_COLOR_NAME = AccentColor;
				CODE_SIGN_STYLE = Automatic;
				CURRENT_PROJECT_VERSION = 1;
				DEVELOPMENT_TEAM = 5JKHA34QG7;
				GENERATE_INFOPLIST_FILE = YES;
				INFOPLIST_FILE = tourist/SupportingFiles/Info.plist;
				INFOPLIST_KEY_NSLocationWhenInUseUsageDescription = "";
				INFOPLIST_KEY_UIApplicationSupportsIndirectInputEvents = YES;
				INFOPLIST_KEY_UILaunchStoryboardName = LaunchScreen;
				INFOPLIST_KEY_UIMainStoryboardFile = "";
				INFOPLIST_KEY_UISupportedInterfaceOrientations = UIInterfaceOrientationPortrait;
				INFOPLIST_KEY_UIUserInterfaceStyle = Light;
				LD_RUNPATH_SEARCH_PATHS = (
					"$(inherited)",
					"@executable_path/Frameworks",
				);
				MARKETING_VERSION = 1.0;
				PRODUCT_BUNDLE_IDENTIFIER = test.tourist;
				PRODUCT_NAME = "$(TARGET_NAME)";
				SWIFT_EMIT_LOC_STRINGS = YES;
				SWIFT_VERSION = 5.0;
				TARGETED_DEVICE_FAMILY = "1,2";
			};
			name = Release;
		};
/* End XCBuildConfiguration section */

/* Begin XCConfigurationList section */
		CE212FFA2BC117AE00E09308 /* Build configuration list for PBXProject "tourist" */ = {
			isa = XCConfigurationList;
			buildConfigurations = (
				CE2130112BC117AF00E09308 /* Debug */,
				CE2130122BC117AF00E09308 /* Release */,
			);
			defaultConfigurationIsVisible = 0;
			defaultConfigurationName = Release;
		};
		CE2130132BC117AF00E09308 /* Build configuration list for PBXNativeTarget "tourist" */ = {
			isa = XCConfigurationList;
			buildConfigurations = (
				CE2130142BC117AF00E09308 /* Debug */,
				CE2130152BC117AF00E09308 /* Release */,
			);
			defaultConfigurationIsVisible = 0;
			defaultConfigurationName = Release;
		};
/* End XCConfigurationList section */

/* Begin XCRemoteSwiftPackageReference section */
		CE0972812BC1764800E2E80F /* XCRemoteSwiftPackageReference "Alamofire" */ = {
			isa = XCRemoteSwiftPackageReference;
			repositoryURL = "https://github.com/Alamofire/Alamofire.git";
			requirement = {
				kind = upToNextMajorVersion;
				minimumVersion = 5.9.1;
			};
		};
		CE21302F2BC1190200E09308 /* XCRemoteSwiftPackageReference "Wormholy" */ = {
			isa = XCRemoteSwiftPackageReference;
			repositoryURL = "https://github.com/tadelv/Wormholy";
			requirement = {
				kind = upToNextMajorVersion;
				minimumVersion = 1.6.5;
			};
		};
		CE2130372BC1191C00E09308 /* XCRemoteSwiftPackageReference "SDWebImage" */ = {
			isa = XCRemoteSwiftPackageReference;
			repositoryURL = "https://github.com/SDWebImage/SDWebImage";
			requirement = {
				kind = upToNextMajorVersion;
				minimumVersion = 5.19.1;
			};
		};
/* End XCRemoteSwiftPackageReference section */

/* Begin XCSwiftPackageProductDependency section */
		CE0972822BC1764800E2E80F /* Alamofire */ = {
			isa = XCSwiftPackageProductDependency;
			package = CE0972812BC1764800E2E80F /* XCRemoteSwiftPackageReference "Alamofire" */;
			productName = Alamofire;
		};
		CE2130302BC1190200E09308 /* Wormholy */ = {
			isa = XCSwiftPackageProductDependency;
			package = CE21302F2BC1190200E09308 /* XCRemoteSwiftPackageReference "Wormholy" */;
			productName = Wormholy;
		};
		CE2130382BC1191C00E09308 /* SDWebImage */ = {
			isa = XCSwiftPackageProductDependency;
			package = CE2130372BC1191C00E09308 /* XCRemoteSwiftPackageReference "SDWebImage" */;
			productName = SDWebImage;
		};
		CE21303A2BC1191C00E09308 /* SDWebImageMapKit */ = {
			isa = XCSwiftPackageProductDependency;
			package = CE2130372BC1191C00E09308 /* XCRemoteSwiftPackageReference "SDWebImage" */;
			productName = SDWebImageMapKit;
		};
/* End XCSwiftPackageProductDependency section */
	};
	rootObject = CE212FF72BC117AE00E09308 /* Project object */;
}
